
Microsoft Visual Studio Solution File, Format Version 12.00
# Visual Studio Version 17
VisualStudioVersion = 17.12.35514.174 d17.12
MinimumVisualStudioVersion = 10.0.40219.1
Project("{FAE04EC0-301F-11D3-BF4B-00C04F79EFBC}") = "API", "API\API.csproj", "{34DE1378-5DB4-4D72-88E7-C9679B2399A2}"
EndProject
Project("{FAE04EC0-301F-11D3-BF4B-00C04F79EFBC}") = "Domain", "Domain\Domain.csproj", "{2C857C74-5BB1-4595-95E8-FBABE3FA9697}"
EndProject
Project("{FAE04EC0-301F-11D3-BF4B-00C04F79EFBC}") = "Infrastructure", "Infrastructure\Infrastructure.csproj", "{321D9C76-8327-4FCA-BE2E-1C6A31C2238D}"
EndProject
Project("{54A90642-561A-4BB1-A94E-469ADEE60C69}") = "nttcafemanagementfe", "NTTCafeManagementFE\nttcafemanagementfe.esproj", "{8D823B7E-7E30-44AD-AF39-8ABE5B4FB19F}"
EndProject
Global
	GlobalSection(SolutionConfigurationPlatforms) = preSolution
		Debug|Any CPU = Debug|Any CPU
		Release|Any CPU = Release|Any CPU
	EndGlobalSection
	GlobalSection(ProjectConfigurationPlatforms) = postSolution
		{34DE1378-5DB4-4D72-88E7-C9679B2399A2}.Debug|Any CPU.ActiveCfg = Debug|Any CPU
		{34DE1378-5DB4-4D72-88E7-C9679B2399A2}.Debug|Any CPU.Build.0 = Debug|Any CPU
		{34DE1378-5DB4-4D72-88E7-C9679B2399A2}.Release|Any CPU.ActiveCfg = Release|Any CPU
		{34DE1378-5DB4-4D72-88E7-C9679B2399A2}.Release|Any CPU.Build.0 = Release|Any CPU
		{2C857C74-5BB1-4595-95E8-FBABE3FA9697}.Debug|Any CPU.ActiveCfg = Debug|Any CPU
		{2C857C74-5BB1-4595-95E8-FBABE3FA9697}.Debug|Any CPU.Build.0 = Debug|Any CPU
		{2C857C74-5BB1-4595-95E8-FBABE3FA9697}.Release|Any CPU.ActiveCfg = Release|Any CPU
		{2C857C74-5BB1-4595-95E8-FBABE3FA9697}.Release|Any CPU.Build.0 = Release|Any CPU
		{321D9C76-8327-4FCA-BE2E-1C6A31C2238D}.Debug|Any CPU.ActiveCfg = Debug|Any CPU
		{321D9C76-8327-4FCA-BE2E-1C6A31C2238D}.Debug|Any CPU.Build.0 = Debug|Any CPU
		{321D9C76-8327-4FCA-BE2E-1C6A31C2238D}.Release|Any CPU.ActiveCfg = Release|Any CPU
		{321D9C76-8327-4FCA-BE2E-1C6A31C2238D}.Release|Any CPU.Build.0 = Release|Any CPU
		{8D823B7E-7E30-44AD-AF39-8ABE5B4FB19F}.Debug|Any CPU.ActiveCfg = Debug|Any CPU
		{8D823B7E-7E30-44AD-AF39-8ABE5B4FB19F}.Debug|Any CPU.Build.0 = Debug|Any CPU
		{8D823B7E-7E30-44AD-AF39-8ABE5B4FB19F}.Debug|Any CPU.Deploy.0 = Debug|Any CPU
		{8D823B7E-7E30-44AD-AF39-8ABE5B4FB19F}.Release|Any CPU.ActiveCfg = Release|Any CPU
		{8D823B7E-7E30-44AD-AF39-8ABE5B4FB19F}.Release|Any CPU.Build.0 = Release|Any CPU
		{8D823B7E-7E30-44AD-AF39-8ABE5B4FB19F}.Release|Any CPU.Deploy.0 = Release|Any CPU
	EndGlobalSection
	GlobalSection(SolutionProperties) = preSolution
		HideSolutionNode = FALSE
	EndGlobalSection
EndGlobal
